
Microsoft Visual Studio Solution File, Format Version 12.00
# Visual Studio 15
VisualStudioVersion = 15.0.26730.16
MinimumVisualStudioVersion = 10.0.40219.1
Project("{FAE04EC0-301F-11D3-BF4B-00C04F79EFBC}") = "01.School Competition", "01.School Competition\01.School Competition.csproj", "{1B57593D-0034-49B9-AE7B-EF0E6B933512}"
EndProject
Project("{FAE04EC0-301F-11D3-BF4B-00C04F79EFBC}") = "02.One-to-Many-Relation", "02.One-to-Many-Relation\02.One-to-Many-Relation.csproj", "{5DE17BD9-472E-4455-A4B5-7E9979ACE53A}"
EndProject
Project("{FAE04EC0-301F-11D3-BF4B-00C04F79EFBC}") = "04.ManyToManyRelation", "04.ManyToManyRelation\04.ManyToManyRelation.csproj", "{3EB8A275-9A42-4978-93DE-511979CE65C1}"
EndProject
Project("{FAE04EC0-301F-11D3-BF4B-00C04F79EFBC}") = "05.ShopHierarchy", "05.ShopHierarchy\05.ShopHierarchy.csproj", "{1992681B-F459-437E-B791-42F5AA7EC9FB}"
EndProject
Global
	GlobalSection(SolutionConfigurationPlatforms) = preSolution
		Debug|Any CPU = Debug|Any CPU
		Release|Any CPU = Release|Any CPU
	EndGlobalSection
	GlobalSection(ProjectConfigurationPlatforms) = postSolution
		{1B57593D-0034-49B9-AE7B-EF0E6B933512}.Debug|Any CPU.ActiveCfg = Debug|Any CPU
		{1B57593D-0034-49B9-AE7B-EF0E6B933512}.Debug|Any CPU.Build.0 = Debug|Any CPU
		{1B57593D-0034-49B9-AE7B-EF0E6B933512}.Release|Any CPU.ActiveCfg = Release|Any CPU
		{1B57593D-0034-49B9-AE7B-EF0E6B933512}.Release|Any CPU.Build.0 = Release|Any CPU
		{5DE17BD9-472E-4455-A4B5-7E9979ACE53A}.Debug|Any CPU.ActiveCfg = Debug|Any CPU
		{5DE17BD9-472E-4455-A4B5-7E9979ACE53A}.Debug|Any CPU.Build.0 = Debug|Any CPU
		{5DE17BD9-472E-4455-A4B5-7E9979ACE53A}.Release|Any CPU.ActiveCfg = Release|Any CPU
		{5DE17BD9-472E-4455-A4B5-7E9979ACE53A}.Release|Any CPU.Build.0 = Release|Any CPU
		{3EB8A275-9A42-4978-93DE-511979CE65C1}.Debug|Any CPU.ActiveCfg = Debug|Any CPU
		{3EB8A275-9A42-4978-93DE-511979CE65C1}.Debug|Any CPU.Build.0 = Debug|Any CPU
		{3EB8A275-9A42-4978-93DE-511979CE65C1}.Release|Any CPU.ActiveCfg = Release|Any CPU
		{3EB8A275-9A42-4978-93DE-511979CE65C1}.Release|Any CPU.Build.0 = Release|Any CPU
		{1992681B-F459-437E-B791-42F5AA7EC9FB}.Debug|Any CPU.ActiveCfg = Debug|Any CPU
		{1992681B-F459-437E-B791-42F5AA7EC9FB}.Debug|Any CPU.Build.0 = Debug|Any CPU
		{1992681B-F459-437E-B791-42F5AA7EC9FB}.Release|Any CPU.ActiveCfg = Release|Any CPU
		{1992681B-F459-437E-B791-42F5AA7EC9FB}.Release|Any CPU.Build.0 = Release|Any CPU
	EndGlobalSection
	GlobalSection(SolutionProperties) = preSolution
		HideSolutionNode = FALSE
	EndGlobalSection
	GlobalSection(ExtensibilityGlobals) = postSolution
		SolutionGuid = {46D08172-BFA2-4DAE-9D68-FE800DDCA43C}
	EndGlobalSection
EndGlobal
